
Microsoft Visual Studio Solution File, Format Version 12.00
# Visual Studio Version 17
VisualStudioVersion = 17.7.34202.233
MinimumVisualStudioVersion = 10.0.40219.1
Project("{FAE04EC0-301F-11D3-BF4B-00C04F79EFBC}") = "MoviesAPI", "MoviesAPI\MoviesAPI.csproj", "{EE6D0DFB-FB39-4D3F-B68E-90CCD2E17629}"
EndProject
Global
	GlobalSection(SolutionConfigurationPlatforms) = preSolution
		Debug|Any CPU = Debug|Any CPU
		Release|Any CPU = Release|Any CPU
	EndGlobalSection
	GlobalSection(ProjectConfigurationPlatforms) = postSolution
		{EE6D0DFB-FB39-4D3F-B68E-90CCD2E17629}.Debug|Any CPU.ActiveCfg = Debug|Any CPU
		{EE6D0DFB-FB39-4D3F-B68E-90CCD2E17629}.Debug|Any CPU.Build.0 = Debug|Any CPU
		{EE6D0DFB-FB39-4D3F-B68E-90CCD2E17629}.Release|Any CPU.ActiveCfg = Release|Any CPU
		{EE6D0DFB-FB39-4D3F-B68E-90CCD2E17629}.Release|Any CPU.Build.0 = Release|Any CPU
	EndGlobalSection
	GlobalSection(SolutionProperties) = preSolution
		HideSolutionNode = FALSE
	EndGlobalSection
	GlobalSection(ExtensibilityGlobals) = postSolution
		SolutionGuid = {056083C8-6498-4F24-9F32-D9C4F69BF139}
	EndGlobalSection
EndGlobal
